
Microsoft Visual Studio Solution File, Format Version 12.00
Project("{FAE04EC0-301F-11D3-BF4B-00C04F79EFBC}") = "CodeOwnersParser", "src\CodeOwnersParser\CodeOwnersParser.csproj", "{3280E767-7294-4865-A1AE-9F94D3571929}"
EndProject
Project("{FAE04EC0-301F-11D3-BF4B-00C04F79EFBC}") = "CodeOwnersParser.Tests", "tests\CodeOwnersParser.Tests\CodeOwnersParser.Tests.csproj", "{5534E36E-2362-4940-B49E-7E19C3FD446E}"
EndProject
Project("{2150E333-8FDC-42A3-9474-1A3956D46DE8}") = "Solution Items", "Solution Items", "{99A4E845-0D7E-4349-A5A8-0D5ED3B1AEB7}"
	ProjectSection(SolutionItems) = preProject
		LICENSE = LICENSE
		README.md = README.md
	EndProjectSection
EndProject
Project("{FAE04EC0-301F-11D3-BF4B-00C04F79EFBC}") = "CodeOwnersParser.Benchmarks", "benchmarks\CodeOwnersParser.Benchmarks\CodeOwnersParser.Benchmarks.csproj", "{33FA15AD-8517-487F-95F3-FE4919ECF1DF}"
EndProject
Global
	GlobalSection(SolutionConfigurationPlatforms) = preSolution
		Debug|Any CPU = Debug|Any CPU
		Release|Any CPU = Release|Any CPU
	EndGlobalSection
	GlobalSection(ProjectConfigurationPlatforms) = postSolution
		{3280E767-7294-4865-A1AE-9F94D3571929}.Debug|Any CPU.ActiveCfg = Debug|Any CPU
		{3280E767-7294-4865-A1AE-9F94D3571929}.Debug|Any CPU.Build.0 = Debug|Any CPU
		{3280E767-7294-4865-A1AE-9F94D3571929}.Release|Any CPU.ActiveCfg = Release|Any CPU
		{3280E767-7294-4865-A1AE-9F94D3571929}.Release|Any CPU.Build.0 = Release|Any CPU
		{5534E36E-2362-4940-B49E-7E19C3FD446E}.Debug|Any CPU.ActiveCfg = Debug|Any CPU
		{5534E36E-2362-4940-B49E-7E19C3FD446E}.Debug|Any CPU.Build.0 = Debug|Any CPU
		{5534E36E-2362-4940-B49E-7E19C3FD446E}.Release|Any CPU.ActiveCfg = Release|Any CPU
		{5534E36E-2362-4940-B49E-7E19C3FD446E}.Release|Any CPU.Build.0 = Release|Any CPU
		{33FA15AD-8517-487F-95F3-FE4919ECF1DF}.Debug|Any CPU.ActiveCfg = Debug|Any CPU
		{33FA15AD-8517-487F-95F3-FE4919ECF1DF}.Debug|Any CPU.Build.0 = Debug|Any CPU
		{33FA15AD-8517-487F-95F3-FE4919ECF1DF}.Release|Any CPU.ActiveCfg = Release|Any CPU
		{33FA15AD-8517-487F-95F3-FE4919ECF1DF}.Release|Any CPU.Build.0 = Release|Any CPU
	EndGlobalSection
EndGlobal
